// !$*UTF8*$!
{
	archiveVersion = 1;
	classes = {
	};
	objectVersion = 60;
	objects = {

/* Begin PBXBuildFile section */
		27136E3D2C453427007C390E /* ListingScreen in Frameworks */ = {isa = PBXBuildFile; productRef = 27136E3C2C453427007C390E /* ListingScreen */; };
		271890A52C4534F2004BBC89 /* ListingScreen in Frameworks */ = {isa = PBXBuildFile; productRef = 271890A42C4534F2004BBC89 /* ListingScreen */; };
		276F69972C43B6A500BF6943 /* AppDelegate.swift in Sources */ = {isa = PBXBuildFile; fileRef = 276F69962C43B6A500BF6943 /* AppDelegate.swift */; };
		276F69992C43B6A500BF6943 /* SceneDelegate.swift in Sources */ = {isa = PBXBuildFile; fileRef = 276F69982C43B6A500BF6943 /* SceneDelegate.swift */; };
		276F69A02C43B6A900BF6943 /* Assets.xcassets in Resources */ = {isa = PBXBuildFile; fileRef = 276F699F2C43B6A900BF6943 /* Assets.xcassets */; };
		276F69A32C43B6A900BF6943 /* Base in Resources */ = {isa = PBXBuildFile; fileRef = 276F69A22C43B6A900BF6943 /* Base */; };
		2772FE882C45A3AE00D00EA0 /* DetailsScreen in Frameworks */ = {isa = PBXBuildFile; productRef = 2772FE872C45A3AE00D00EA0 /* DetailsScreen */; };
		2782F5302C43FB3B0090AA75 /* LaunchScreen.storyboard in Resources */ = {isa = PBXBuildFile; fileRef = 276F69A12C43B6A900BF6943 /* LaunchScreen.storyboard */; };
		279402D12C459A18009F4114 /* DetailsScreen in Frameworks */ = {isa = PBXBuildFile; productRef = 279402D02C459A18009F4114 /* DetailsScreen */; };
		27AE38F52C454D1600024EEB /* ListingScreen in Frameworks */ = {isa = PBXBuildFile; productRef = 27AE38F42C454D1600024EEB /* ListingScreen */; };
		27AE38F82C454E2700024EEB /* ListingScreen in Frameworks */ = {isa = PBXBuildFile; productRef = 27AE38F72C454E2700024EEB /* ListingScreen */; };
		27AE38FB2C45508F00024EEB /* ListingScreen in Frameworks */ = {isa = PBXBuildFile; productRef = 27AE38FA2C45508F00024EEB /* ListingScreen */; };
		27AE38FE2C455C3300024EEB /* ListingScreen in Frameworks */ = {isa = PBXBuildFile; productRef = 27AE38FD2C455C3300024EEB /* ListingScreen */; };
		27AE39012C455C8400024EEB /* ListingScreen in Frameworks */ = {isa = PBXBuildFile; productRef = 27AE39002C455C8400024EEB /* ListingScreen */; };
		27AE39042C455CBD00024EEB /* ListingScreen in Frameworks */ = {isa = PBXBuildFile; productRef = 27AE39032C455CBD00024EEB /* ListingScreen */; };
		27FA4F852C4533340067A7B6 /* ListingScreen in Frameworks */ = {isa = PBXBuildFile; productRef = 27FA4F842C4533340067A7B6 /* ListingScreen */; };
		332C6ABE2C455DCD00BF052C /* ListingScreen in Frameworks */ = {isa = PBXBuildFile; productRef = 332C6ABD2C455DCD00BF052C /* ListingScreen */; };
/* End PBXBuildFile section */

/* Begin PBXCopyFilesBuildPhase section */
		276F69C32C43D17D00BF6943 /* Embed Frameworks */ = {
			isa = PBXCopyFilesBuildPhase;
			buildActionMask = 2147483647;
			dstPath = "";
			dstSubfolderSpec = 10;
			files = (
			);
			name = "Embed Frameworks";
			runOnlyForDeploymentPostprocessing = 0;
		};
/* End PBXCopyFilesBuildPhase section */

/* Begin PBXFileReference section */
		276F69932C43B6A500BF6943 /* universities.app */ = {isa = PBXFileReference; explicitFileType = wrapper.application; includeInIndex = 0; path = universities.app; sourceTree = BUILT_PRODUCTS_DIR; };
		276F69962C43B6A500BF6943 /* AppDelegate.swift */ = {isa = PBXFileReference; lastKnownFileType = sourcecode.swift; path = AppDelegate.swift; sourceTree = "<group>"; };
		276F69982C43B6A500BF6943 /* SceneDelegate.swift */ = {isa = PBXFileReference; lastKnownFileType = sourcecode.swift; path = SceneDelegate.swift; sourceTree = "<group>"; };
		276F699F2C43B6A900BF6943 /* Assets.xcassets */ = {isa = PBXFileReference; lastKnownFileType = folder.assetcatalog; path = Assets.xcassets; sourceTree = "<group>"; };
		276F69A22C43B6A900BF6943 /* Base */ = {isa = PBXFileReference; lastKnownFileType = file.storyboard; name = Base; path = Base.lproj/LaunchScreen.storyboard; sourceTree = "<group>"; };
		276F69A42C43B6A900BF6943 /* Info.plist */ = {isa = PBXFileReference; lastKnownFileType = text.plist.xml; path = Info.plist; sourceTree = "<group>"; };
/* End PBXFileReference section */

/* Begin PBXFrameworksBuildPhase section */
		276F69902C43B6A500BF6943 /* Frameworks */ = {
			isa = PBXFrameworksBuildPhase;
			buildActionMask = 2147483647;
			files = (
				27136E3D2C453427007C390E /* ListingScreen in Frameworks */,
				27AE38FB2C45508F00024EEB /* ListingScreen in Frameworks */,
				27AE38F52C454D1600024EEB /* ListingScreen in Frameworks */,
				27AE38FE2C455C3300024EEB /* ListingScreen in Frameworks */,
				27AE39042C455CBD00024EEB /* ListingScreen in Frameworks */,
				27AE38F82C454E2700024EEB /* ListingScreen in Frameworks */,
				27FA4F852C4533340067A7B6 /* ListingScreen in Frameworks */,
				332C6ABE2C455DCD00BF052C /* ListingScreen in Frameworks */,
				271890A52C4534F2004BBC89 /* ListingScreen in Frameworks */,
				279402D12C459A18009F4114 /* DetailsScreen in Frameworks */,
				27AE39012C455C8400024EEB /* ListingScreen in Frameworks */,
				2772FE882C45A3AE00D00EA0 /* DetailsScreen in Frameworks */,
			);
			runOnlyForDeploymentPostprocessing = 0;
		};
/* End PBXFrameworksBuildPhase section */

/* Begin PBXGroup section */
		276F698A2C43B6A500BF6943 = {
			isa = PBXGroup;
			children = (
				276F69952C43B6A500BF6943 /* universities */,
				276F69942C43B6A500BF6943 /* Products */,
				276F69BC2C43D17D00BF6943 /* Frameworks */,
			);
			sourceTree = "<group>";
		};
		276F69942C43B6A500BF6943 /* Products */ = {
			isa = PBXGroup;
			children = (
				276F69932C43B6A500BF6943 /* universities.app */,
			);
			name = Products;
			sourceTree = "<group>";
		};
		276F69952C43B6A500BF6943 /* universities */ = {
			isa = PBXGroup;
			children = (
				276F69962C43B6A500BF6943 /* AppDelegate.swift */,
				276F69982C43B6A500BF6943 /* SceneDelegate.swift */,
				2782F5312C43FE700090AA75 /* Resources */,
			);
			path = universities;
			sourceTree = "<group>";
		};
		276F69BC2C43D17D00BF6943 /* Frameworks */ = {
			isa = PBXGroup;
			children = (
			);
			name = Frameworks;
			sourceTree = "<group>";
		};
		2782F5312C43FE700090AA75 /* Resources */ = {
			isa = PBXGroup;
			children = (
				276F699F2C43B6A900BF6943 /* Assets.xcassets */,
				276F69A12C43B6A900BF6943 /* LaunchScreen.storyboard */,
				276F69A42C43B6A900BF6943 /* Info.plist */,
			);
			path = Resources;
			sourceTree = "<group>";
		};
/* End PBXGroup section */

/* Begin PBXNativeTarget section */
		276F69922C43B6A500BF6943 /* universities */ = {
			isa = PBXNativeTarget;
			buildConfigurationList = 276F69A72C43B6A900BF6943 /* Build configuration list for PBXNativeTarget "universities" */;
			buildPhases = (
				276F698F2C43B6A500BF6943 /* Sources */,
				276F69902C43B6A500BF6943 /* Frameworks */,
				276F69912C43B6A500BF6943 /* Resources */,
				276F69C32C43D17D00BF6943 /* Embed Frameworks */,
			);
			buildRules = (
			);
			dependencies = (
			);
			name = universities;
			packageProductDependencies = (
				27FA4F842C4533340067A7B6 /* ListingScreen */,
				27136E3C2C453427007C390E /* ListingScreen */,
				271890A42C4534F2004BBC89 /* ListingScreen */,
				27AE38F42C454D1600024EEB /* ListingScreen */,
				27AE38F72C454E2700024EEB /* ListingScreen */,
				27AE38FA2C45508F00024EEB /* ListingScreen */,
				27AE38FD2C455C3300024EEB /* ListingScreen */,
				27AE39002C455C8400024EEB /* ListingScreen */,
				27AE39032C455CBD00024EEB /* ListingScreen */,
				332C6ABD2C455DCD00BF052C /* ListingScreen */,
				279402D02C459A18009F4114 /* DetailsScreen */,
				2772FE872C45A3AE00D00EA0 /* DetailsScreen */,
			);
			productName = universities;
			productReference = 276F69932C43B6A500BF6943 /* universities.app */;
			productType = "com.apple.product-type.application";
		};
/* End PBXNativeTarget section */

/* Begin PBXProject section */
		276F698B2C43B6A500BF6943 /* Project object */ = {
			isa = PBXProject;
			attributes = {
				BuildIndependentTargetsInParallel = 1;
				LastSwiftUpdateCheck = 1540;
				LastUpgradeCheck = 1540;
				TargetAttributes = {
					276F69922C43B6A500BF6943 = {
						CreatedOnToolsVersion = 15.4;
					};
				};
			};
			buildConfigurationList = 276F698E2C43B6A500BF6943 /* Build configuration list for PBXProject "universities" */;
			compatibilityVersion = "Xcode 14.0";
			developmentRegion = en;
			hasScannedForEncodings = 0;
			knownRegions = (
				en,
				Base,
			);
			mainGroup = 276F698A2C43B6A500BF6943;
			packageReferences = (
				332C6ABC2C455DCD00BF052C /* XCLocalSwiftPackageReference "Packages/ListingScreen" */,
				2772FE862C45A3AE00D00EA0 /* XCLocalSwiftPackageReference "Packages/DetailsScreen" */,
			);
			productRefGroup = 276F69942C43B6A500BF6943 /* Products */;
			projectDirPath = "";
			projectRoot = "";
			targets = (
				276F69922C43B6A500BF6943 /* universities */,
			);
		};
/* End PBXProject section */

/* Begin PBXResourcesBuildPhase section */
		276F69912C43B6A500BF6943 /* Resources */ = {
			isa = PBXResourcesBuildPhase;
			buildActionMask = 2147483647;
			files = (
				2782F5302C43FB3B0090AA75 /* LaunchScreen.storyboard in Resources */,
				276F69A02C43B6A900BF6943 /* Assets.xcassets in Resources */,
				276F69A32C43B6A900BF6943 /* Base in Resources */,
			);
			runOnlyForDeploymentPostprocessing = 0;
		};
/* End PBXResourcesBuildPhase section */

/* Begin PBXSourcesBuildPhase section */
		276F698F2C43B6A500BF6943 /* Sources */ = {
			isa = PBXSourcesBuildPhase;
			buildActionMask = 2147483647;
			files = (
				276F69972C43B6A500BF6943 /* AppDelegate.swift in Sources */,
				276F69992C43B6A500BF6943 /* SceneDelegate.swift in Sources */,
			);
			runOnlyForDeploymentPostprocessing = 0;
		};
/* End PBXSourcesBuildPhase section */

/* Begin PBXVariantGroup section */
		276F69A12C43B6A900BF6943 /* LaunchScreen.storyboard */ = {
			isa = PBXVariantGroup;
			children = (
				276F69A22C43B6A900BF6943 /* Base */,
			);
			name = LaunchScreen.storyboard;
			sourceTree = "<group>";
		};
/* End PBXVariantGroup section */

/* Begin XCBuildConfiguration section */
		276F69A52C43B6A900BF6943 /* Debug */ = {
			isa = XCBuildConfiguration;
			buildSettings = {
				ALWAYS_SEARCH_USER_PATHS = NO;
				ASSETCATALOG_COMPILER_GENERATE_SWIFT_ASSET_SYMBOL_EXTENSIONS = YES;
				CLANG_ANALYZER_NONNULL = YES;
				CLANG_ANALYZER_NUMBER_OBJECT_CONVERSION = YES_AGGRESSIVE;
				CLANG_CXX_LANGUAGE_STANDARD = "gnu++20";
				CLANG_ENABLE_MODULES = YES;
				CLANG_ENABLE_OBJC_ARC = YES;
				CLANG_ENABLE_OBJC_WEAK = YES;
				CLANG_WARN_BLOCK_CAPTURE_AUTORELEASING = YES;
				CLANG_WARN_BOOL_CONVERSION = YES;
				CLANG_WARN_COMMA = YES;
				CLANG_WARN_CONSTANT_CONVERSION = YES;
				CLANG_WARN_DEPRECATED_OBJC_IMPLEMENTATIONS = YES;
				CLANG_WARN_DIRECT_OBJC_ISA_USAGE = YES_ERROR;
				CLANG_WARN_DOCUMENTATION_COMMENTS = YES;
				CLANG_WARN_EMPTY_BODY = YES;
				CLANG_WARN_ENUM_CONVERSION = YES;
				CLANG_WARN_INFINITE_RECURSION = YES;
				CLANG_WARN_INT_CONVERSION = YES;
				CLANG_WARN_NON_LITERAL_NULL_CONVERSION = YES;
				CLANG_WARN_OBJC_IMPLICIT_RETAIN_SELF = YES;
				CLANG_WARN_OBJC_LITERAL_CONVERSION = YES;
				CLANG_WARN_OBJC_ROOT_CLASS = YES_ERROR;
				CLANG_WARN_QUOTED_INCLUDE_IN_FRAMEWORK_HEADER = YES;
				CLANG_WARN_RANGE_LOOP_ANALYSIS = YES;
				CLANG_WARN_STRICT_PROTOTYPES = YES;
				CLANG_WARN_SUSPICIOUS_MOVE = YES;
				CLANG_WARN_UNGUARDED_AVAILABILITY = YES_AGGRESSIVE;
				CLANG_WARN_UNREACHABLE_CODE = YES;
				CLANG_WARN__DUPLICATE_METHOD_MATCH = YES;
				COPY_PHASE_STRIP = NO;
				DEBUG_INFORMATION_FORMAT = dwarf;
				ENABLE_STRICT_OBJC_MSGSEND = YES;
				ENABLE_TESTABILITY = YES;
				ENABLE_USER_SCRIPT_SANDBOXING = YES;
				GCC_C_LANGUAGE_STANDARD = gnu17;
				GCC_DYNAMIC_NO_PIC = NO;
				GCC_NO_COMMON_BLOCKS = YES;
				GCC_OPTIMIZATION_LEVEL = 0;
				GCC_PREPROCESSOR_DEFINITIONS = (
					"DEBUG=1",
					"$(inherited)",
				);
				GCC_WARN_64_TO_32_BIT_CONVERSION = YES;
				GCC_WARN_ABOUT_RETURN_TYPE = YES_ERROR;
				GCC_WARN_UNDECLARED_SELECTOR = YES;
				GCC_WARN_UNINITIALIZED_AUTOS = YES_AGGRESSIVE;
				GCC_WARN_UNUSED_FUNCTION = YES;
				GCC_WARN_UNUSED_VARIABLE = YES;
				IPHONEOS_DEPLOYMENT_TARGET = 15.0;
				LOCALIZATION_PREFERS_STRING_CATALOGS = YES;
				MTL_ENABLE_DEBUG_INFO = INCLUDE_SOURCE;
				MTL_FAST_MATH = YES;
				ONLY_ACTIVE_ARCH = YES;
				SDKROOT = iphoneos;
				SWIFT_ACTIVE_COMPILATION_CONDITIONS = "DEBUG $(inherited)";
				SWIFT_OPTIMIZATION_LEVEL = "-Onone";
			};
			name = Debug;
		};
		276F69A62C43B6A900BF6943 /* Release */ = {
			isa = XCBuildConfiguration;
			buildSettings = {
				ALWAYS_SEARCH_USER_PATHS = NO;
				ASSETCATALOG_COMPILER_GENERATE_SWIFT_ASSET_SYMBOL_EXTENSIONS = YES;
				CLANG_ANALYZER_NONNULL = YES;
				CLANG_ANALYZER_NUMBER_OBJECT_CONVERSION = YES_AGGRESSIVE;
				CLANG_CXX_LANGUAGE_STANDARD = "gnu++20";
				CLANG_ENABLE_MODULES = YES;
				CLANG_ENABLE_OBJC_ARC = YES;
				CLANG_ENABLE_OBJC_WEAK = YES;
				CLANG_WARN_BLOCK_CAPTURE_AUTORELEASING = YES;
				CLANG_WARN_BOOL_CONVERSION = YES;
				CLANG_WARN_COMMA = YES;
				CLANG_WARN_CONSTANT_CONVERSION = YES;
				CLANG_WARN_DEPRECATED_OBJC_IMPLEMENTATIONS = YES;
				CLANG_WARN_DIRECT_OBJC_ISA_USAGE = YES_ERROR;
				CLANG_WARN_DOCUMENTATION_COMMENTS = YES;
				CLANG_WARN_EMPTY_BODY = YES;
				CLANG_WARN_ENUM_CONVERSION = YES;
				CLANG_WARN_INFINITE_RECURSION = YES;
				CLANG_WARN_INT_CONVERSION = YES;
				CLANG_WARN_NON_LITERAL_NULL_CONVERSION = YES;
				CLANG_WARN_OBJC_IMPLICIT_RETAIN_SELF = YES;
				CLANG_WARN_OBJC_LITERAL_CONVERSION = YES;
				CLANG_WARN_OBJC_ROOT_CLASS = YES_ERROR;
				CLANG_WARN_QUOTED_INCLUDE_IN_FRAMEWORK_HEADER = YES;
				CLANG_WARN_RANGE_LOOP_ANALYSIS = YES;
				CLANG_WARN_STRICT_PROTOTYPES = YES;
				CLANG_WARN_SUSPICIOUS_MOVE = YES;
				CLANG_WARN_UNGUARDED_AVAILABILITY = YES_AGGRESSIVE;
				CLANG_WARN_UNREACHABLE_CODE = YES;
				CLANG_WARN__DUPLICATE_METHOD_MATCH = YES;
				COPY_PHASE_STRIP = NO;
				DEBUG_INFORMATION_FORMAT = "dwarf-with-dsym";
				ENABLE_NS_ASSERTIONS = NO;
				ENABLE_STRICT_OBJC_MSGSEND = YES;
				ENABLE_USER_SCRIPT_SANDBOXING = YES;
				GCC_C_LANGUAGE_STANDARD = gnu17;
				GCC_NO_COMMON_BLOCKS = YES;
				GCC_WARN_64_TO_32_BIT_CONVERSION = YES;
				GCC_WARN_ABOUT_RETURN_TYPE = YES_ERROR;
				GCC_WARN_UNDECLARED_SELECTOR = YES;
				GCC_WARN_UNINITIALIZED_AUTOS = YES_AGGRESSIVE;
				GCC_WARN_UNUSED_FUNCTION = YES;
				GCC_WARN_UNUSED_VARIABLE = YES;
				IPHONEOS_DEPLOYMENT_TARGET = 15.0;
				LOCALIZATION_PREFERS_STRING_CATALOGS = YES;
				MTL_ENABLE_DEBUG_INFO = NO;
				MTL_FAST_MATH = YES;
				SDKROOT = iphoneos;
				SWIFT_COMPILATION_MODE = wholemodule;
				VALIDATE_PRODUCT = YES;
			};
			name = Release;
		};
		276F69A82C43B6A900BF6943 /* Debug */ = {
			isa = XCBuildConfiguration;
			buildSettings = {
				ASSETCATALOG_COMPILER_APPICON_NAME = AppIcon;
				ASSETCATALOG_COMPILER_GLOBAL_ACCENT_COLOR_NAME = AccentColor;
				CODE_SIGN_STYLE = Automatic;
				CURRENT_PROJECT_VERSION = 1;
				DEVELOPMENT_TEAM = VU797BVF5X;
				GENERATE_INFOPLIST_FILE = YES;
				INFOPLIST_FILE = universities/Resources/Info.plist;
				INFOPLIST_KEY_UIApplicationSupportsIndirectInputEvents = YES;
				INFOPLIST_KEY_UILaunchStoryboardName = LaunchScreen.storyboard;
				INFOPLIST_KEY_UIMainStoryboardFile = Main;
				INFOPLIST_KEY_UISupportedInterfaceOrientations = UIInterfaceOrientationPortrait;
				INFOPLIST_KEY_UISupportedInterfaceOrientations_iPad = "UIInterfaceOrientationLandscapeLeft UIInterfaceOrientationLandscapeRight UIInterfaceOrientationPortrait UIInterfaceOrientationPortraitUpsideDown";
				IPHONEOS_DEPLOYMENT_TARGET = 15.0;
				LD_RUNPATH_SEARCH_PATHS = (
					"$(inherited)",
					"@executable_path/Frameworks",
				);
				MARKETING_VERSION = 1.0;
				PRODUCT_BUNDLE_IDENTIFIER = co.uae.universities;
				PRODUCT_NAME = "$(TARGET_NAME)";
				SUPPORTED_PLATFORMS = "iphoneos iphonesimulator";
				SUPPORTS_MACCATALYST = NO;
				SUPPORTS_MAC_DESIGNED_FOR_IPHONE_IPAD = NO;
				SUPPORTS_XR_DESIGNED_FOR_IPHONE_IPAD = NO;
				SWIFT_EMIT_LOC_STRINGS = YES;
				SWIFT_VERSION = 5.0;
				TARGETED_DEVICE_FAMILY = 1;
			};
			name = Debug;
		};
		276F69A92C43B6A900BF6943 /* Release */ = {
			isa = XCBuildConfiguration;
			buildSettings = {
				ASSETCATALOG_COMPILER_APPICON_NAME = AppIcon;
				ASSETCATALOG_COMPILER_GLOBAL_ACCENT_COLOR_NAME = AccentColor;
				CODE_SIGN_STYLE = Automatic;
				CURRENT_PROJECT_VERSION = 1;
				DEVELOPMENT_TEAM = VU797BVF5X;
				GENERATE_INFOPLIST_FILE = YES;
				INFOPLIST_FILE = universities/Resources/Info.plist;
				INFOPLIST_KEY_UIApplicationSupportsIndirectInputEvents = YES;
				INFOPLIST_KEY_UILaunchStoryboardName = LaunchScreen.storyboard;
				INFOPLIST_KEY_UIMainStoryboardFile = Main;
				INFOPLIST_KEY_UISupportedInterfaceOrientations = UIInterfaceOrientationPortrait;
				INFOPLIST_KEY_UISupportedInterfaceOrientations_iPad = "UIInterfaceOrientationLandscapeLeft UIInterfaceOrientationLandscapeRight UIInterfaceOrientationPortrait UIInterfaceOrientationPortraitUpsideDown";
				IPHONEOS_DEPLOYMENT_TARGET = 15.0;
				LD_RUNPATH_SEARCH_PATHS = (
					"$(inherited)",
					"@executable_path/Frameworks",
				);
				MARKETING_VERSION = 1.0;
				PRODUCT_BUNDLE_IDENTIFIER = co.uae.universities;
				PRODUCT_NAME = "$(TARGET_NAME)";
				SUPPORTED_PLATFORMS = "iphoneos iphonesimulator";
				SUPPORTS_MACCATALYST = NO;
				SUPPORTS_MAC_DESIGNED_FOR_IPHONE_IPAD = NO;
				SUPPORTS_XR_DESIGNED_FOR_IPHONE_IPAD = NO;
				SWIFT_EMIT_LOC_STRINGS = YES;
				SWIFT_VERSION = 5.0;
				TARGETED_DEVICE_FAMILY = 1;
			};
			name = Release;
		};
/* End XCBuildConfiguration section */

/* Begin XCConfigurationList section */
		276F698E2C43B6A500BF6943 /* Build configuration list for PBXProject "universities" */ = {
			isa = XCConfigurationList;
			buildConfigurations = (
				276F69A52C43B6A900BF6943 /* Debug */,
				276F69A62C43B6A900BF6943 /* Release */,
			);
			defaultConfigurationIsVisible = 0;
			defaultConfigurationName = Release;
		};
		276F69A72C43B6A900BF6943 /* Build configuration list for PBXNativeTarget "universities" */ = {
			isa = XCConfigurationList;
			buildConfigurations = (
				276F69A82C43B6A900BF6943 /* Debug */,
				276F69A92C43B6A900BF6943 /* Release */,
			);
			defaultConfigurationIsVisible = 0;
			defaultConfigurationName = Release;
		};
/* End XCConfigurationList section */

/* Begin XCLocalSwiftPackageReference section */
		2772FE862C45A3AE00D00EA0 /* XCLocalSwiftPackageReference "Packages/DetailsScreen" */ = {
			isa = XCLocalSwiftPackageReference;
			relativePath = Packages/DetailsScreen;
		};
		332C6ABC2C455DCD00BF052C /* XCLocalSwiftPackageReference "Packages/ListingScreen" */ = {
			isa = XCLocalSwiftPackageReference;
			relativePath = Packages/ListingScreen;
		};
/* End XCLocalSwiftPackageReference section */

/* Begin XCSwiftPackageProductDependency section */
		27136E3C2C453427007C390E /* ListingScreen */ = {
			isa = XCSwiftPackageProductDependency;
			productName = ListingScreen;
		};
		271890A42C4534F2004BBC89 /* ListingScreen */ = {
			isa = XCSwiftPackageProductDependency;
			productName = ListingScreen;
		};
		2772FE872C45A3AE00D00EA0 /* DetailsScreen */ = {
			isa = XCSwiftPackageProductDependency;
			productName = DetailsScreen;
		};
		279402D02C459A18009F4114 /* DetailsScreen */ = {
			isa = XCSwiftPackageProductDependency;
			productName = DetailsScreen;
		};
		27AE38F42C454D1600024EEB /* ListingScreen */ = {
			isa = XCSwiftPackageProductDependency;
			productName = ListingScreen;
		};
		27AE38F72C454E2700024EEB /* ListingScreen */ = {
			isa = XCSwiftPackageProductDependency;
			productName = ListingScreen;
		};
		27AE38FA2C45508F00024EEB /* ListingScreen */ = {
			isa = XCSwiftPackageProductDependency;
			productName = ListingScreen;
		};
		27AE38FD2C455C3300024EEB /* ListingScreen */ = {
			isa = XCSwiftPackageProductDependency;
			productName = ListingScreen;
		};
		27AE39002C455C8400024EEB /* ListingScreen */ = {
			isa = XCSwiftPackageProductDependency;
			productName = ListingScreen;
		};
		27AE39032C455CBD00024EEB /* ListingScreen */ = {
			isa = XCSwiftPackageProductDependency;
			productName = ListingScreen;
		};
		27FA4F842C4533340067A7B6 /* ListingScreen */ = {
			isa = XCSwiftPackageProductDependency;
			productName = ListingScreen;
		};
		332C6ABD2C455DCD00BF052C /* ListingScreen */ = {
			isa = XCSwiftPackageProductDependency;
			productName = ListingScreen;
		};
/* End XCSwiftPackageProductDependency section */
	};
	rootObject = 276F698B2C43B6A500BF6943 /* Project object */;
}
